
Microsoft Visual Studio Solution File, Format Version 12.00
# Visual Studio Version 16
VisualStudioVersion = 16.0.31313.79
MinimumVisualStudioVersion = 10.0.40219.1
Project("{FAE04EC0-301F-11D3-BF4B-00C04F79EFBC}") = "SalaryCalculatorTestProject", "SalaryCalculatorTestProject.csproj", "{30F266EE-A56F-434B-A3E9-16A279960BD3}"
EndProject
Project("{FAE04EC0-301F-11D3-BF4B-00C04F79EFBC}") = "Calculator2", "..\Calculator2\Calculator2.csproj", "{23DA6CCC-16C4-495A-B126-CAC488A8DD7A}"
EndProject
Global
	GlobalSection(SolutionConfigurationPlatforms) = preSolution
		Debug|Any CPU = Debug|Any CPU
		Release|Any CPU = Release|Any CPU
	EndGlobalSection
	GlobalSection(ProjectConfigurationPlatforms) = postSolution
		{30F266EE-A56F-434B-A3E9-16A279960BD3}.Debug|Any CPU.ActiveCfg = Debug|Any CPU
		{30F266EE-A56F-434B-A3E9-16A279960BD3}.Debug|Any CPU.Build.0 = Debug|Any CPU
		{30F266EE-A56F-434B-A3E9-16A279960BD3}.Release|Any CPU.ActiveCfg = Release|Any CPU
		{30F266EE-A56F-434B-A3E9-16A279960BD3}.Release|Any CPU.Build.0 = Release|Any CPU
		{23DA6CCC-16C4-495A-B126-CAC488A8DD7A}.Debug|Any CPU.ActiveCfg = Debug|Any CPU
		{23DA6CCC-16C4-495A-B126-CAC488A8DD7A}.Debug|Any CPU.Build.0 = Debug|Any CPU
		{23DA6CCC-16C4-495A-B126-CAC488A8DD7A}.Release|Any CPU.ActiveCfg = Release|Any CPU
		{23DA6CCC-16C4-495A-B126-CAC488A8DD7A}.Release|Any CPU.Build.0 = Release|Any CPU
	EndGlobalSection
	GlobalSection(SolutionProperties) = preSolution
		HideSolutionNode = FALSE
	EndGlobalSection
	GlobalSection(ExtensibilityGlobals) = postSolution
		SolutionGuid = {961811CE-F0B9-470D-B656-0ADD574B2029}
	EndGlobalSection
EndGlobal
