
Microsoft Visual Studio Solution File, Format Version 12.00
# Visual Studio Version 16
VisualStudioVersion = 16.0.31313.79
MinimumVisualStudioVersion = 10.0.40219.1
Project("{9A19103F-16F7-4668-BE54-9A1E7A4F7556}") = "EventExample", "EventExample.csproj", "{CAFBB202-FC23-4F7F-836E-7C70B8CADE34}"
EndProject
Global
	GlobalSection(SolutionConfigurationPlatforms) = preSolution
		Debug|Any CPU = Debug|Any CPU
		Release|Any CPU = Release|Any CPU
	EndGlobalSection
	GlobalSection(ProjectConfigurationPlatforms) = postSolution
		{CAFBB202-FC23-4F7F-836E-7C70B8CADE34}.Debug|Any CPU.ActiveCfg = Debug|Any CPU
		{CAFBB202-FC23-4F7F-836E-7C70B8CADE34}.Debug|Any CPU.Build.0 = Debug|Any CPU
		{CAFBB202-FC23-4F7F-836E-7C70B8CADE34}.Release|Any CPU.ActiveCfg = Release|Any CPU
		{CAFBB202-FC23-4F7F-836E-7C70B8CADE34}.Release|Any CPU.Build.0 = Release|Any CPU
	EndGlobalSection
	GlobalSection(SolutionProperties) = preSolution
		HideSolutionNode = FALSE
	EndGlobalSection
	GlobalSection(ExtensibilityGlobals) = postSolution
		SolutionGuid = {D413A43A-882C-41B4-B837-4AB2AA035985}
	EndGlobalSection
EndGlobal
