
Microsoft Visual Studio Solution File, Format Version 12.00
# Visual Studio Version 16
VisualStudioVersion = 16.0.31313.79
MinimumVisualStudioVersion = 10.0.40219.1
Project("{FAE04EC0-301F-11D3-BF4B-00C04F79EFBC}") = "CSharp7_Features_Example", "CSharp7_Features_Example.csproj", "{F14A0D9D-5034-47CA-B840-69EE54702D99}"
EndProject
Global
	GlobalSection(SolutionConfigurationPlatforms) = preSolution
		Debug|Any CPU = Debug|Any CPU
		Release|Any CPU = Release|Any CPU
	EndGlobalSection
	GlobalSection(ProjectConfigurationPlatforms) = postSolution
		{F14A0D9D-5034-47CA-B840-69EE54702D99}.Debug|Any CPU.ActiveCfg = Debug|Any CPU
		{F14A0D9D-5034-47CA-B840-69EE54702D99}.Debug|Any CPU.Build.0 = Debug|Any CPU
		{F14A0D9D-5034-47CA-B840-69EE54702D99}.Release|Any CPU.ActiveCfg = Release|Any CPU
		{F14A0D9D-5034-47CA-B840-69EE54702D99}.Release|Any CPU.Build.0 = Release|Any CPU
	EndGlobalSection
	GlobalSection(SolutionProperties) = preSolution
		HideSolutionNode = FALSE
	EndGlobalSection
	GlobalSection(ExtensibilityGlobals) = postSolution
		SolutionGuid = {97DC20B7-A93B-4768-87BC-389E1FA0DAE6}
	EndGlobalSection
EndGlobal
